<?xml version="1.0" encoding="utf-8"?>
<Project ToolsVersion="4.0" xmlns="http://schemas.microsoft.com/developer/msbuild/2003">
  <ItemGroup>
    <Filter Include="Source Files">
      <UniqueIdentifier>{4FC737F1-C7A5-4376-A066-2A32D752A2FF}</UniqueIdentifier>
      <Extensions>cpp;c;cc;cxx;def;odl;idl;hpj;bat;asm;asmx</Extensions>
    </Filter>
    <Filter Include="Resource Files">
      <UniqueIdentifier>{67DA6AB6-F800-4c08-8B7A-83BB121AAD01}</UniqueIdentifier>
      <Extensions>rc;ico;cur;bmp;dlg;rc2;rct;bin;rgs;gif;jpg;jpeg;jpe;resx;tiff;tif;png;wav;mfcribbon-ms</Extensions>
    </Filter>
    <Filter Include="Source Files\VulkanObjects">
      <UniqueIdentifier>{91adfba7-d622-406e-86fa-70c451ac4efd}</UniqueIdentifier>
    </Filter>
    <Filter Include="Source Files\Structure">
      <UniqueIdentifier>{365861f3-f06f-4c08-bda6-b00e991c1efb}</UniqueIdentifier>
    </Filter>
  </ItemGroup>
  <ItemGroup>
    <ClCompile Include="Starter.cpp">
      <Filter>Source Files</Filter>
    </ClCompile>
    <ClCompile Include="Window.cpp">
      <Filter>Source Files\VulkanObjects</Filter>
    </ClCompile>
    <ClCompile Include="GLFWGuard.cpp">
      <Filter>Source Files\VulkanObjects</Filter>
    </ClCompile>
    <ClCompile Include="Instance.cpp">
      <Filter>Source Files\VulkanObjects</Filter>
    </ClCompile>
    <ClCompile Include="Debug.cpp">
      <Filter>Source Files</Filter>
    </ClCompile>
    <ClCompile Include="StructureOperations.cpp">
      <Filter>Source Files\Structure</Filter>
    </ClCompile>
    <ClCompile Include="Extension.cpp">
      <Filter>Source Files\VulkanObjects</Filter>
    </ClCompile>
    <ClCompile Include="PhysicalDevice.cpp">
      <Filter>Source Files\VulkanObjects</Filter>
    </ClCompile>
    <ClCompile Include="LogicalDevice.cpp">
      <Filter>Source Files\VulkanObjects</Filter>
    </ClCompile>
    <ClCompile Include="Queue.cpp">
      <Filter>Source Files\VulkanObjects</Filter>
    </ClCompile>
    <ClCompile Include="WindowSurface.cpp">
      <Filter>Source Files\VulkanObjects</Filter>
    </ClCompile>
    <ClCompile Include="SwapChain.cpp">
      <Filter>Source Files\VulkanObjects</Filter>
    </ClCompile>
    <ClCompile Include="VulkanTypeOperators.cpp">
      <Filter>Source Files\VulkanObjects</Filter>
    </ClCompile>
    <ClCompile Include="ImageViews.cpp">
      <Filter>Source Files\VulkanObjects</Filter>
    </ClCompile>
    <ClCompile Include="Pipeline.cpp">
      <Filter>Source Files\VulkanObjects</Filter>
    </ClCompile>
    <ClCompile Include="Shader.cpp">
      <Filter>Source Files\VulkanObjects</Filter>
    </ClCompile>
    <ClCompile Include="RenderPass.cpp">
      <Filter>Source Files\VulkanObjects</Filter>
    </ClCompile>
    <ClCompile Include="FrameBuffers.cpp">
      <Filter>Source Files\VulkanObjects</Filter>
    </ClCompile>
    <ClCompile Include="CommandPool.cpp">
      <Filter>Source Files\VulkanObjects</Filter>
    </ClCompile>
    <ClCompile Include="CommandBuffers.cpp">
      <Filter>Source Files\VulkanObjects</Filter>
    </ClCompile>
    <ClCompile Include="Semaphore.cpp">
      <Filter>Source Files\VulkanObjects</Filter>
    </ClCompile>
    <ClCompile Include="Renderer.cpp">
      <Filter>Source Files\VulkanObjects</Filter>
    </ClCompile>
    <ClCompile Include="BasicRenderCore.cpp">
      <Filter>Source Files\VulkanObjects</Filter>
    </ClCompile>
    <ClCompile Include="CopyInfo.cpp">
      <Filter>Source Files\Structure</Filter>
    </ClCompile>
    <ClCompile Include="Surface.cpp">
      <Filter>Source Files\VulkanObjects</Filter>
    </ClCompile>
    <ClCompile Include="Fence.cpp">
      <Filter>Source Files\VulkanObjects</Filter>
    </ClCompile>
    <ClCompile Include="SharedResources.cpp">
      <Filter>Source Files\VulkanObjects</Filter>
    </ClCompile>
    <ClCompile Include="VertexBuffer.cpp">
      <Filter>Source Files\VulkanObjects</Filter>
    </ClCompile>
    <ClCompile Include="Drawer.cpp">
      <Filter>Source Files\VulkanObjects</Filter>
    </ClCompile>
    <ClCompile Include="TransferPool.cpp">
      <Filter>Source Files\VulkanObjects</Filter>
    </ClCompile>
    <ClCompile Include="Buffer.cpp">
      <Filter>Source Files\VulkanObjects</Filter>
    </ClCompile>
    <ClCompile Include="StagingBuffer.cpp">
      <Filter>Source Files\VulkanObjects</Filter>
    </ClCompile>
    <ClCompile Include="TransferCommandBuffer.cpp">
      <Filter>Source Files\VulkanObjects</Filter>
    </ClCompile>
    <ClCompile Include="BufferTransferer.cpp">
      <Filter>Source Files\VulkanObjects</Filter>
    </ClCompile>
  </ItemGroup>
  <ItemGroup>
    <None Include="packages.config" />
  </ItemGroup>
  <ItemGroup>
    <ClInclude Include="Window.h">
      <Filter>Source Files\VulkanObjects</Filter>
    </ClInclude>
    <ClInclude Include="Types.h">
      <Filter>Source Files</Filter>
    </ClInclude>
    <ClInclude Include="GLFWGuard.h">
      <Filter>Source Files\VulkanObjects</Filter>
    </ClInclude>
    <ClInclude Include="Instance.h">
      <Filter>Source Files\VulkanObjects</Filter>
    </ClInclude>
    <ClInclude Include="Debug.h">
      <Filter>Source Files</Filter>
    </ClInclude>
    <ClInclude Include="StructureOperations.h">
      <Filter>Source Files\Structure</Filter>
    </ClInclude>
    <ClInclude Include="Extension.h">
      <Filter>Source Files\VulkanObjects</Filter>
    </ClInclude>
    <ClInclude Include="PhysicalDevice.h">
      <Filter>Source Files\VulkanObjects</Filter>
    </ClInclude>
    <ClInclude Include="LogicalDevice.h">
      <Filter>Source Files\VulkanObjects</Filter>
    </ClInclude>
    <ClInclude Include="Queue.h">
      <Filter>Source Files\VulkanObjects</Filter>
    </ClInclude>
    <ClInclude Include="WindowSurface.h">
      <Filter>Source Files\VulkanObjects</Filter>
    </ClInclude>
    <ClInclude Include="Surface.h">
      <Filter>Source Files\VulkanObjects</Filter>
    </ClInclude>
    <ClInclude Include="SwapChain.h">
      <Filter>Source Files\VulkanObjects</Filter>
    </ClInclude>
    <ClInclude Include="VulkanTypeOperators.h">
      <Filter>Source Files\VulkanObjects</Filter>
    </ClInclude>
    <ClInclude Include="ImageViews.h">
      <Filter>Source Files\VulkanObjects</Filter>
    </ClInclude>
    <ClInclude Include="Pipeline.h">
      <Filter>Source Files\VulkanObjects</Filter>
    </ClInclude>
    <ClInclude Include="Shader.h">
      <Filter>Source Files\VulkanObjects</Filter>
    </ClInclude>
    <ClInclude Include="RenderPass.h">
      <Filter>Source Files\VulkanObjects</Filter>
    </ClInclude>
    <ClInclude Include="FrameBuffers.h">
      <Filter>Source Files\VulkanObjects</Filter>
    </ClInclude>
    <ClInclude Include="CommandPool.h">
      <Filter>Source Files\VulkanObjects</Filter>
    </ClInclude>
    <ClInclude Include="CommandBuffers.h">
      <Filter>Source Files\VulkanObjects</Filter>
    </ClInclude>
    <ClInclude Include="Semaphore.h">
      <Filter>Source Files\VulkanObjects</Filter>
    </ClInclude>
    <ClInclude Include="Renderer.h">
      <Filter>Source Files\VulkanObjects</Filter>
    </ClInclude>
    <ClInclude Include="BasicRenderCore.h">
      <Filter>Source Files\VulkanObjects</Filter>
    </ClInclude>
    <ClInclude Include="CopyInfo.h">
      <Filter>Source Files\Structure</Filter>
    </ClInclude>
    <ClInclude Include="Fence.h">
      <Filter>Source Files\VulkanObjects</Filter>
    </ClInclude>
    <ClInclude Include="SharedResources.h">
      <Filter>Source Files\VulkanObjects</Filter>
    </ClInclude>
    <ClInclude Include="VertexBuffer.h">
      <Filter>Source Files\VulkanObjects</Filter>
    </ClInclude>
    <ClInclude Include="VertexIncludes.h">
      <Filter>Source Files\VulkanObjects</Filter>
    </ClInclude>
    <ClInclude Include="Drawer.h">
      <Filter>Source Files\VulkanObjects</Filter>
    </ClInclude>
    <ClInclude Include="TransferPool.h">
      <Filter>Source Files\VulkanObjects</Filter>
    </ClInclude>
    <ClInclude Include="Buffer.h">
      <Filter>Source Files\VulkanObjects</Filter>
    </ClInclude>
    <ClInclude Include="StagingBuffer.h">
      <Filter>Source Files\VulkanObjects</Filter>
    </ClInclude>
    <ClInclude Include="TransferCommandBuffer.h">
      <Filter>Source Files\VulkanObjects</Filter>
    </ClInclude>
    <ClInclude Include="BufferTransferer.h">
      <Filter>Source Files\VulkanObjects</Filter>
    </ClInclude>
  </ItemGroup>
</Project>